dependencies:
- name: dynatrace-operator
  repository: https://raw.githubusercontent.com/Dynatrace/dynatrace-operator/master/config/helm/repos/stable
  version: 0.9.1
- name: dynatrace-dynakube
  repository: https://raw.githubusercontent.com/martinnirtl/helm-charts/master/charts
  version: 1.0.0
digest: sha256:e9c2c823714d880f4ac6e81cc710bc8539aca9a0dff3341d08387c7b41f22572
generated: "2022-10-27T21:39:21.783424+02:00"
